
Microsoft Visual Studio Solution File, Format Version 12.00
# Visual Studio Version 17
VisualStudioVersion = 17.14.36408.4 d17.14
MinimumVisualStudioVersion = 10.0.40219.1
Project("{FAE04EC0-301F-11D3-BF4B-00C04F79EFBC}") = "PlainFiles.Core", "PlainFiles.Core\PlainFiles.Core.csproj", "{C9F95C06-ED45-41B6-812E-D147019CDE01}"
EndProject
Project("{FAE04EC0-301F-11D3-BF4B-00C04F79EFBC}") = "PlainFiles.Console", "PlainFiles.Console\PlainFiles.Console.csproj", "{C8336740-751B-4DF4-BEA6-00E8A44A2FC3}"
EndProject
Global
	GlobalSection(SolutionConfigurationPlatforms) = preSolution
		Debug|Any CPU = Debug|Any CPU
		Release|Any CPU = Release|Any CPU
	EndGlobalSection
	GlobalSection(ProjectConfigurationPlatforms) = postSolution
		{C9F95C06-ED45-41B6-812E-D147019CDE01}.Debug|Any CPU.ActiveCfg = Debug|Any CPU
		{C9F95C06-ED45-41B6-812E-D147019CDE01}.Debug|Any CPU.Build.0 = Debug|Any CPU
		{C9F95C06-ED45-41B6-812E-D147019CDE01}.Release|Any CPU.ActiveCfg = Release|Any CPU
		{C9F95C06-ED45-41B6-812E-D147019CDE01}.Release|Any CPU.Build.0 = Release|Any CPU
		{C8336740-751B-4DF4-BEA6-00E8A44A2FC3}.Debug|Any CPU.ActiveCfg = Debug|Any CPU
		{C8336740-751B-4DF4-BEA6-00E8A44A2FC3}.Debug|Any CPU.Build.0 = Debug|Any CPU
		{C8336740-751B-4DF4-BEA6-00E8A44A2FC3}.Release|Any CPU.ActiveCfg = Release|Any CPU
		{C8336740-751B-4DF4-BEA6-00E8A44A2FC3}.Release|Any CPU.Build.0 = Release|Any CPU
	EndGlobalSection
	GlobalSection(SolutionProperties) = preSolution
		HideSolutionNode = FALSE
	EndGlobalSection
	GlobalSection(ExtensibilityGlobals) = postSolution
		SolutionGuid = {0F5629C0-B65D-4FBA-B38B-08A7511230F4}
	EndGlobalSection
EndGlobal
